
Microsoft Visual Studio Solution File, Format Version 12.00
# Visual Studio Version 17
VisualStudioVersion = 17.9.34310.174
MinimumVisualStudioVersion = 10.0.40219.1
Project("{9A19103F-16F7-4668-BE54-9A1E7A4F7556}") = "Elcome.Blazor.Virtualization", "Elcome.Blazor.Virtualization\Elcome.Blazor.Virtualization.csproj", "{D4DF06F4-5B8F-4A25-B41D-5F6F0470FFF5}"
EndProject
Global
	GlobalSection(SolutionConfigurationPlatforms) = preSolution
		Debug|Any CPU = Debug|Any CPU
		Release|Any CPU = Release|Any CPU
	EndGlobalSection
	GlobalSection(ProjectConfigurationPlatforms) = postSolution
		{D4DF06F4-5B8F-4A25-B41D-5F6F0470FFF5}.Debug|Any CPU.ActiveCfg = Debug|Any CPU
		{D4DF06F4-5B8F-4A25-B41D-5F6F0470FFF5}.Debug|Any CPU.Build.0 = Debug|Any CPU
		{D4DF06F4-5B8F-4A25-B41D-5F6F0470FFF5}.Release|Any CPU.ActiveCfg = Release|Any CPU
		{D4DF06F4-5B8F-4A25-B41D-5F6F0470FFF5}.Release|Any CPU.Build.0 = Release|Any CPU
	EndGlobalSection
	GlobalSection(SolutionProperties) = preSolution
		HideSolutionNode = FALSE
	EndGlobalSection
	GlobalSection(ExtensibilityGlobals) = postSolution
		SolutionGuid = {7B96E2EC-A1B5-4E91-BF6A-AF8355F4C321}
	EndGlobalSection
EndGlobal
